// !$*UTF8*$!
{
	archiveVersion = 1;
	classes = {
	};
	objectVersion = 50;
	objects = {

/* Begin PBXBuildFile section */
		26DD0A881CB5E39A6018B529 /* Pods_iOSTemplateTests.framework in Frameworks */ = {isa = PBXBuildFile; fileRef = AC7BE5FD05A99076911A5EFC /* Pods_iOSTemplateTests.framework */; };
		596CA2C03A737F141EC479CC /* Pods_iOSTemplateUITests.framework in Frameworks */ = {isa = PBXBuildFile; fileRef = F89F973BCA39A58678140689 /* Pods_iOSTemplateUITests.framework */; };
		9BB50C4695E781390C4F0393 /* Pods_iOSTemplate.framework in Frameworks */ = {isa = PBXBuildFile; fileRef = 535893C4CB804780958AB238 /* Pods_iOSTemplate.framework */; };
		F527A1472238FF53009CC9B8 /* AppDelegate.swift in Sources */ = {isa = PBXBuildFile; fileRef = F527A1462238FF53009CC9B8 /* AppDelegate.swift */; };
		F527A1492238FF53009CC9B8 /* FirstViewController.swift in Sources */ = {isa = PBXBuildFile; fileRef = F527A1482238FF53009CC9B8 /* FirstViewController.swift */; };
		F527A14B2238FF53009CC9B8 /* SecondViewController.swift in Sources */ = {isa = PBXBuildFile; fileRef = F527A14A2238FF53009CC9B8 /* SecondViewController.swift */; };
		F527A14E2238FF54009CC9B8 /* Main.storyboard in Resources */ = {isa = PBXBuildFile; fileRef = F527A14C2238FF54009CC9B8 /* Main.storyboard */; };
		F527A1502238FF55009CC9B8 /* Assets.xcassets in Resources */ = {isa = PBXBuildFile; fileRef = F527A14F2238FF55009CC9B8 /* Assets.xcassets */; };
		F527A1532238FF55009CC9B8 /* LaunchScreen.storyboard in Resources */ = {isa = PBXBuildFile; fileRef = F527A1512238FF55009CC9B8 /* LaunchScreen.storyboard */; };
		F527A15E2238FF55009CC9B8 /* iOSTemplateTests.swift in Sources */ = {isa = PBXBuildFile; fileRef = F527A15D2238FF55009CC9B8 /* iOSTemplateTests.swift */; };
		F527A1692238FF55009CC9B8 /* iOSTemplateUITests.swift in Sources */ = {isa = PBXBuildFile; fileRef = F527A1682238FF55009CC9B8 /* iOSTemplateUITests.swift */; };
/* End PBXBuildFile section */

/* Begin PBXContainerItemProxy section */
		F527A15A2238FF55009CC9B8 /* PBXContainerItemProxy */ = {
			isa = PBXContainerItemProxy;
			containerPortal = F527A13B2238FF53009CC9B8 /* Project object */;
			proxyType = 1;
			remoteGlobalIDString = F527A1422238FF53009CC9B8;
			remoteInfo = iOSTemplate;
		};
		F527A1652238FF55009CC9B8 /* PBXContainerItemProxy */ = {
			isa = PBXContainerItemProxy;
			containerPortal = F527A13B2238FF53009CC9B8 /* Project object */;
			proxyType = 1;
			remoteGlobalIDString = F527A1422238FF53009CC9B8;
			remoteInfo = iOSTemplate;
		};
/* End PBXContainerItemProxy section */

/* Begin PBXFileReference section */
		4F839F244944475C7360DC8C /* Pods-iOSTemplateTests.debug.xcconfig */ = {isa = PBXFileReference; includeInIndex = 1; lastKnownFileType = text.xcconfig; name = "Pods-iOSTemplateTests.debug.xcconfig"; path = "Target Support Files/Pods-iOSTemplateTests/Pods-iOSTemplateTests.debug.xcconfig"; sourceTree = "<group>"; };
		535893C4CB804780958AB238 /* Pods_iOSTemplate.framework */ = {isa = PBXFileReference; explicitFileType = wrapper.framework; includeInIndex = 0; path = Pods_iOSTemplate.framework; sourceTree = BUILT_PRODUCTS_DIR; };
		5FE2B598C1638875ECB92EB2 /* Pods-iOSTemplate.release.xcconfig */ = {isa = PBXFileReference; includeInIndex = 1; lastKnownFileType = text.xcconfig; name = "Pods-iOSTemplate.release.xcconfig"; path = "Target Support Files/Pods-iOSTemplate/Pods-iOSTemplate.release.xcconfig"; sourceTree = "<group>"; };
		6F82BE531E1A73EDC55D9F2F /* Pods-iOSTemplateUITests.release.xcconfig */ = {isa = PBXFileReference; includeInIndex = 1; lastKnownFileType = text.xcconfig; name = "Pods-iOSTemplateUITests.release.xcconfig"; path = "Target Support Files/Pods-iOSTemplateUITests/Pods-iOSTemplateUITests.release.xcconfig"; sourceTree = "<group>"; };
		AC7BE5FD05A99076911A5EFC /* Pods_iOSTemplateTests.framework */ = {isa = PBXFileReference; explicitFileType = wrapper.framework; includeInIndex = 0; path = Pods_iOSTemplateTests.framework; sourceTree = BUILT_PRODUCTS_DIR; };
		B4CF8BA541DF0A490739B81E /* Pods-iOSTemplate.debug.xcconfig */ = {isa = PBXFileReference; includeInIndex = 1; lastKnownFileType = text.xcconfig; name = "Pods-iOSTemplate.debug.xcconfig"; path = "Target Support Files/Pods-iOSTemplate/Pods-iOSTemplate.debug.xcconfig"; sourceTree = "<group>"; };
		D7FBFDE322D305A8BCE6089C /* Pods-iOSTemplateUITests.debug.xcconfig */ = {isa = PBXFileReference; includeInIndex = 1; lastKnownFileType = text.xcconfig; name = "Pods-iOSTemplateUITests.debug.xcconfig"; path = "Target Support Files/Pods-iOSTemplateUITests/Pods-iOSTemplateUITests.debug.xcconfig"; sourceTree = "<group>"; };
		EEA917EDAF5CE26FD99E99A7 /* Pods-iOSTemplateTests.release.xcconfig */ = {isa = PBXFileReference; includeInIndex = 1; lastKnownFileType = text.xcconfig; name = "Pods-iOSTemplateTests.release.xcconfig"; path = "Target Support Files/Pods-iOSTemplateTests/Pods-iOSTemplateTests.release.xcconfig"; sourceTree = "<group>"; };
		F527A1432238FF53009CC9B8 /* iOSTemplate.app */ = {isa = PBXFileReference; explicitFileType = wrapper.application; includeInIndex = 0; path = iOSTemplate.app; sourceTree = BUILT_PRODUCTS_DIR; };
		F527A1462238FF53009CC9B8 /* AppDelegate.swift */ = {isa = PBXFileReference; lastKnownFileType = sourcecode.swift; path = AppDelegate.swift; sourceTree = "<group>"; };
		F527A1482238FF53009CC9B8 /* FirstViewController.swift */ = {isa = PBXFileReference; lastKnownFileType = sourcecode.swift; path = FirstViewController.swift; sourceTree = "<group>"; };
		F527A14A2238FF53009CC9B8 /* SecondViewController.swift */ = {isa = PBXFileReference; lastKnownFileType = sourcecode.swift; path = SecondViewController.swift; sourceTree = "<group>"; };
		F527A14D2238FF54009CC9B8 /* Base */ = {isa = PBXFileReference; lastKnownFileType = file.storyboard; name = Base; path = Base.lproj/Main.storyboard; sourceTree = "<group>"; };
		F527A14F2238FF55009CC9B8 /* Assets.xcassets */ = {isa = PBXFileReference; lastKnownFileType = folder.assetcatalog; path = Assets.xcassets; sourceTree = "<group>"; };
		F527A1522238FF55009CC9B8 /* Base */ = {isa = PBXFileReference; lastKnownFileType = file.storyboard; name = Base; path = Base.lproj/LaunchScreen.storyboard; sourceTree = "<group>"; };
		F527A1542238FF55009CC9B8 /* Info.plist */ = {isa = PBXFileReference; lastKnownFileType = text.plist.xml; path = Info.plist; sourceTree = "<group>"; };
		F527A1592238FF55009CC9B8 /* iOSTemplateTests.xctest */ = {isa = PBXFileReference; explicitFileType = wrapper.cfbundle; includeInIndex = 0; path = iOSTemplateTests.xctest; sourceTree = BUILT_PRODUCTS_DIR; };
		F527A15D2238FF55009CC9B8 /* iOSTemplateTests.swift */ = {isa = PBXFileReference; lastKnownFileType = sourcecode.swift; path = iOSTemplateTests.swift; sourceTree = "<group>"; };
		F527A15F2238FF55009CC9B8 /* Info.plist */ = {isa = PBXFileReference; lastKnownFileType = text.plist.xml; path = Info.plist; sourceTree = "<group>"; };
		F527A1642238FF55009CC9B8 /* iOSTemplateUITests.xctest */ = {isa = PBXFileReference; explicitFileType = wrapper.cfbundle; includeInIndex = 0; path = iOSTemplateUITests.xctest; sourceTree = BUILT_PRODUCTS_DIR; };
		F527A1682238FF55009CC9B8 /* iOSTemplateUITests.swift */ = {isa = PBXFileReference; lastKnownFileType = sourcecode.swift; path = iOSTemplateUITests.swift; sourceTree = "<group>"; };
		F527A16A2238FF55009CC9B8 /* Info.plist */ = {isa = PBXFileReference; lastKnownFileType = text.plist.xml; path = Info.plist; sourceTree = "<group>"; };
		F89F973BCA39A58678140689 /* Pods_iOSTemplateUITests.framework */ = {isa = PBXFileReference; explicitFileType = wrapper.framework; includeInIndex = 0; path = Pods_iOSTemplateUITests.framework; sourceTree = BUILT_PRODUCTS_DIR; };
/* End PBXFileReference section */

/* Begin PBXFrameworksBuildPhase section */
		F527A1402238FF53009CC9B8 /* Frameworks */ = {
			isa = PBXFrameworksBuildPhase;
			buildActionMask = 2147483647;
			files = (
				9BB50C4695E781390C4F0393 /* Pods_iOSTemplate.framework in Frameworks */,
			);
			runOnlyForDeploymentPostprocessing = 0;
		};
		F527A1562238FF55009CC9B8 /* Frameworks */ = {
			isa = PBXFrameworksBuildPhase;
			buildActionMask = 2147483647;
			files = (
				26DD0A881CB5E39A6018B529 /* Pods_iOSTemplateTests.framework in Frameworks */,
			);
			runOnlyForDeploymentPostprocessing = 0;
		};
		F527A1612238FF55009CC9B8 /* Frameworks */ = {
			isa = PBXFrameworksBuildPhase;
			buildActionMask = 2147483647;
			files = (
				596CA2C03A737F141EC479CC /* Pods_iOSTemplateUITests.framework in Frameworks */,
			);
			runOnlyForDeploymentPostprocessing = 0;
		};
/* End PBXFrameworksBuildPhase section */

/* Begin PBXGroup section */
		0EEC6CC2D06AE234AC9EEC22 /* Pods */ = {
			isa = PBXGroup;
			children = (
				B4CF8BA541DF0A490739B81E /* Pods-iOSTemplate.debug.xcconfig */,
				5FE2B598C1638875ECB92EB2 /* Pods-iOSTemplate.release.xcconfig */,
				4F839F244944475C7360DC8C /* Pods-iOSTemplateTests.debug.xcconfig */,
				EEA917EDAF5CE26FD99E99A7 /* Pods-iOSTemplateTests.release.xcconfig */,
				D7FBFDE322D305A8BCE6089C /* Pods-iOSTemplateUITests.debug.xcconfig */,
				6F82BE531E1A73EDC55D9F2F /* Pods-iOSTemplateUITests.release.xcconfig */,
			);
			name = Pods;
			path = Pods;
			sourceTree = "<group>";
		};
		DC3A6AFE397B8D14102B4118 /* Frameworks */ = {
			isa = PBXGroup;
			children = (
				535893C4CB804780958AB238 /* Pods_iOSTemplate.framework */,
				AC7BE5FD05A99076911A5EFC /* Pods_iOSTemplateTests.framework */,
				F89F973BCA39A58678140689 /* Pods_iOSTemplateUITests.framework */,
			);
			name = Frameworks;
			sourceTree = "<group>";
		};
		F527A13A2238FF53009CC9B8 = {
			isa = PBXGroup;
			children = (
				F527A1452238FF53009CC9B8 /* iOSTemplate */,
				F527A15C2238FF55009CC9B8 /* iOSTemplateTests */,
				F527A1672238FF55009CC9B8 /* iOSTemplateUITests */,
				F527A1442238FF53009CC9B8 /* Products */,
				0EEC6CC2D06AE234AC9EEC22 /* Pods */,
				DC3A6AFE397B8D14102B4118 /* Frameworks */,
			);
			sourceTree = "<group>";
		};
		F527A1442238FF53009CC9B8 /* Products */ = {
			isa = PBXGroup;
			children = (
				F527A1432238FF53009CC9B8 /* iOSTemplate.app */,
				F527A1592238FF55009CC9B8 /* iOSTemplateTests.xctest */,
				F527A1642238FF55009CC9B8 /* iOSTemplateUITests.xctest */,
			);
			name = Products;
			sourceTree = "<group>";
		};
		F527A1452238FF53009CC9B8 /* iOSTemplate */ = {
			isa = PBXGroup;
			children = (
				F527A1462238FF53009CC9B8 /* AppDelegate.swift */,
				F527A1482238FF53009CC9B8 /* FirstViewController.swift */,
				F527A14A2238FF53009CC9B8 /* SecondViewController.swift */,
				F527A14C2238FF54009CC9B8 /* Main.storyboard */,
				F527A14F2238FF55009CC9B8 /* Assets.xcassets */,
				F527A1512238FF55009CC9B8 /* LaunchScreen.storyboard */,
				F527A1542238FF55009CC9B8 /* Info.plist */,
			);
			path = iOSTemplate;
			sourceTree = "<group>";
		};
		F527A15C2238FF55009CC9B8 /* iOSTemplateTests */ = {
			isa = PBXGroup;
			children = (
				F527A15D2238FF55009CC9B8 /* iOSTemplateTests.swift */,
				F527A15F2238FF55009CC9B8 /* Info.plist */,
			);
			path = iOSTemplateTests;
			sourceTree = "<group>";
		};
		F527A1672238FF55009CC9B8 /* iOSTemplateUITests */ = {
			isa = PBXGroup;
			children = (
				F527A1682238FF55009CC9B8 /* iOSTemplateUITests.swift */,
				F527A16A2238FF55009CC9B8 /* Info.plist */,
			);
			path = iOSTemplateUITests;
			sourceTree = "<group>";
		};
/* End PBXGroup section */

/* Begin PBXNativeTarget section */
		F527A1422238FF53009CC9B8 /* iOSTemplate */ = {
			isa = PBXNativeTarget;
			buildConfigurationList = F527A16D2238FF55009CC9B8 /* Build configuration list for PBXNativeTarget "iOSTemplate" */;
			buildPhases = (
				9B5BFA5D0F4B171A76FF1861 /* [CP] Check Pods Manifest.lock */,
				F527A13F2238FF53009CC9B8 /* Sources */,
				F527A1402238FF53009CC9B8 /* Frameworks */,
				F527A1412238FF53009CC9B8 /* Resources */,
			);
			buildRules = (
			);
			dependencies = (
			);
			name = iOSTemplate;
			productName = iOSTemplate;
			productReference = F527A1432238FF53009CC9B8 /* iOSTemplate.app */;
			productType = "com.apple.product-type.application";
		};
		F527A1582238FF55009CC9B8 /* iOSTemplateTests */ = {
			isa = PBXNativeTarget;
			buildConfigurationList = F527A1702238FF55009CC9B8 /* Build configuration list for PBXNativeTarget "iOSTemplateTests" */;
			buildPhases = (
				B9CD054BA361B3DBD126F10D /* [CP] Check Pods Manifest.lock */,
				F527A1552238FF55009CC9B8 /* Sources */,
				F527A1562238FF55009CC9B8 /* Frameworks */,
				F527A1572238FF55009CC9B8 /* Resources */,
			);
			buildRules = (
			);
			dependencies = (
				F527A15B2238FF55009CC9B8 /* PBXTargetDependency */,
			);
			name = iOSTemplateTests;
			productName = iOSTemplateTests;
			productReference = F527A1592238FF55009CC9B8 /* iOSTemplateTests.xctest */;
			productType = "com.apple.product-type.bundle.unit-test";
		};
		F527A1632238FF55009CC9B8 /* iOSTemplateUITests */ = {
			isa = PBXNativeTarget;
			buildConfigurationList = F527A1732238FF55009CC9B8 /* Build configuration list for PBXNativeTarget "iOSTemplateUITests" */;
			buildPhases = (
				6C258EEC5C46027B4C0CEA90 /* [CP] Check Pods Manifest.lock */,
				F527A1602238FF55009CC9B8 /* Sources */,
				F527A1612238FF55009CC9B8 /* Frameworks */,
				F527A1622238FF55009CC9B8 /* Resources */,
			);
			buildRules = (
			);
			dependencies = (
				F527A1662238FF55009CC9B8 /* PBXTargetDependency */,
			);
			name = iOSTemplateUITests;
			productName = iOSTemplateUITests;
			productReference = F527A1642238FF55009CC9B8 /* iOSTemplateUITests.xctest */;
			productType = "com.apple.product-type.bundle.ui-testing";
		};
/* End PBXNativeTarget section */

/* Begin PBXProject section */
		F527A13B2238FF53009CC9B8 /* Project object */ = {
			isa = PBXProject;
			attributes = {
				LastSwiftUpdateCheck = 1010;
				LastUpgradeCheck = 1010;
				ORGANIZATIONNAME = "Tetsuro Mikami";
				TargetAttributes = {
					F527A1422238FF53009CC9B8 = {
						CreatedOnToolsVersion = 10.1;
					};
					F527A1582238FF55009CC9B8 = {
						CreatedOnToolsVersion = 10.1;
						TestTargetID = F527A1422238FF53009CC9B8;
					};
					F527A1632238FF55009CC9B8 = {
						CreatedOnToolsVersion = 10.1;
						TestTargetID = F527A1422238FF53009CC9B8;
					};
				};
			};
			buildConfigurationList = F527A13E2238FF53009CC9B8 /* Build configuration list for PBXProject "iOSTemplate" */;
			compatibilityVersion = "Xcode 9.3";
			developmentRegion = en;
			hasScannedForEncodings = 0;
			knownRegions = (
				en,
				Base,
			);
			mainGroup = F527A13A2238FF53009CC9B8;
			productRefGroup = F527A1442238FF53009CC9B8 /* Products */;
			projectDirPath = "";
			projectRoot = "";
			targets = (
				F527A1422238FF53009CC9B8 /* iOSTemplate */,
				F527A1582238FF55009CC9B8 /* iOSTemplateTests */,
				F527A1632238FF55009CC9B8 /* iOSTemplateUITests */,
			);
		};
/* End PBXProject section */

/* Begin PBXResourcesBuildPhase section */
		F527A1412238FF53009CC9B8 /* Resources */ = {
			isa = PBXResourcesBuildPhase;
			buildActionMask = 2147483647;
			files = (
				F527A1532238FF55009CC9B8 /* LaunchScreen.storyboard in Resources */,
				F527A1502238FF55009CC9B8 /* Assets.xcassets in Resources */,
				F527A14E2238FF54009CC9B8 /* Main.storyboard in Resources */,
			);
			runOnlyForDeploymentPostprocessing = 0;
		};
		F527A1572238FF55009CC9B8 /* Resources */ = {
			isa = PBXResourcesBuildPhase;
			buildActionMask = 2147483647;
			files = (
			);
			runOnlyForDeploymentPostprocessing = 0;
		};
		F527A1622238FF55009CC9B8 /* Resources */ = {
			isa = PBXResourcesBuildPhase;
			buildActionMask = 2147483647;
			files = (
			);
			runOnlyForDeploymentPostprocessing = 0;
		};
/* End PBXResourcesBuildPhase section */

/* Begin PBXShellScriptBuildPhase section */
		6C258EEC5C46027B4C0CEA90 /* [CP] Check Pods Manifest.lock */ = {
			isa = PBXShellScriptBuildPhase;
			buildActionMask = 2147483647;
			files = (
			);
			inputFileListPaths = (
			);
			inputPaths = (
				"${PODS_PODFILE_DIR_PATH}/Podfile.lock",
				"${PODS_ROOT}/Manifest.lock",
			);
			name = "[CP] Check Pods Manifest.lock";
			outputFileListPaths = (
			);
			outputPaths = (
				"$(DERIVED_FILE_DIR)/Pods-iOSTemplateUITests-checkManifestLockResult.txt",
			);
			runOnlyForDeploymentPostprocessing = 0;
			shellPath = /bin/sh;
			shellScript = "diff \"${PODS_PODFILE_DIR_PATH}/Podfile.lock\" \"${PODS_ROOT}/Manifest.lock\" > /dev/null\nif [ $? != 0 ] ; then\n    # print error to STDERR\n    echo \"error: The sandbox is not in sync with the Podfile.lock. Run 'pod install' or update your CocoaPods installation.\" >&2\n    exit 1\nfi\n# This output is used by Xcode 'outputs' to avoid re-running this script phase.\necho \"SUCCESS\" > \"${SCRIPT_OUTPUT_FILE_0}\"\n";
			showEnvVarsInLog = 0;
		};
		9B5BFA5D0F4B171A76FF1861 /* [CP] Check Pods Manifest.lock */ = {
			isa = PBXShellScriptBuildPhase;
			buildActionMask = 2147483647;
			files = (
			);
			inputFileListPaths = (
			);
			inputPaths = (
				"${PODS_PODFILE_DIR_PATH}/Podfile.lock",
				"${PODS_ROOT}/Manifest.lock",
			);
			name = "[CP] Check Pods Manifest.lock";
			outputFileListPaths = (
			);
			outputPaths = (
				"$(DERIVED_FILE_DIR)/Pods-iOSTemplate-checkManifestLockResult.txt",
			);
			runOnlyForDeploymentPostprocessing = 0;
			shellPath = /bin/sh;
			shellScript = "diff \"${PODS_PODFILE_DIR_PATH}/Podfile.lock\" \"${PODS_ROOT}/Manifest.lock\" > /dev/null\nif [ $? != 0 ] ; then\n    # print error to STDERR\n    echo \"error: The sandbox is not in sync with the Podfile.lock. Run 'pod install' or update your CocoaPods installation.\" >&2\n    exit 1\nfi\n# This output is used by Xcode 'outputs' to avoid re-running this script phase.\necho \"SUCCESS\" > \"${SCRIPT_OUTPUT_FILE_0}\"\n";
			showEnvVarsInLog = 0;
		};
		B9CD054BA361B3DBD126F10D /* [CP] Check Pods Manifest.lock */ = {
			isa = PBXShellScriptBuildPhase;
			buildActionMask = 2147483647;
			files = (
			);
			inputFileListPaths = (
			);
			inputPaths = (
				"${PODS_PODFILE_DIR_PATH}/Podfile.lock",
				"${PODS_ROOT}/Manifest.lock",
			);
			name = "[CP] Check Pods Manifest.lock";
			outputFileListPaths = (
			);
			outputPaths = (
				"$(DERIVED_FILE_DIR)/Pods-iOSTemplateTests-checkManifestLockResult.txt",
			);
			runOnlyForDeploymentPostprocessing = 0;
			shellPath = /bin/sh;
			shellScript = "diff \"${PODS_PODFILE_DIR_PATH}/Podfile.lock\" \"${PODS_ROOT}/Manifest.lock\" > /dev/null\nif [ $? != 0 ] ; then\n    # print error to STDERR\n    echo \"error: The sandbox is not in sync with the Podfile.lock. Run 'pod install' or update your CocoaPods installation.\" >&2\n    exit 1\nfi\n# This output is used by Xcode 'outputs' to avoid re-running this script phase.\necho \"SUCCESS\" > \"${SCRIPT_OUTPUT_FILE_0}\"\n";
			showEnvVarsInLog = 0;
		};
/* End PBXShellScriptBuildPhase section */

/* Begin PBXSourcesBuildPhase section */
		F527A13F2238FF53009CC9B8 /* Sources */ = {
			isa = PBXSourcesBuildPhase;
			buildActionMask = 2147483647;
			files = (
				F527A14B2238FF53009CC9B8 /* SecondViewController.swift in Sources */,
				F527A1472238FF53009CC9B8 /* AppDelegate.swift in Sources */,
				F527A1492238FF53009CC9B8 /* FirstViewController.swift in Sources */,
			);
			runOnlyForDeploymentPostprocessing = 0;
		};
		F527A1552238FF55009CC9B8 /* Sources */ = {
			isa = PBXSourcesBuildPhase;
			buildActionMask = 2147483647;
			files = (
				F527A15E2238FF55009CC9B8 /* iOSTemplateTests.swift in Sources */,
			);
			runOnlyForDeploymentPostprocessing = 0;
		};
		F527A1602238FF55009CC9B8 /* Sources */ = {
			isa = PBXSourcesBuildPhase;
			buildActionMask = 2147483647;
			files = (
				F527A1692238FF55009CC9B8 /* iOSTemplateUITests.swift in Sources */,
			);
			runOnlyForDeploymentPostprocessing = 0;
		};
/* End PBXSourcesBuildPhase section */

/* Begin PBXTargetDependency section */
		F527A15B2238FF55009CC9B8 /* PBXTargetDependency */ = {
			isa = PBXTargetDependency;
			target = F527A1422238FF53009CC9B8 /* iOSTemplate */;
			targetProxy = F527A15A2238FF55009CC9B8 /* PBXContainerItemProxy */;
		};
		F527A1662238FF55009CC9B8 /* PBXTargetDependency */ = {
			isa = PBXTargetDependency;
			target = F527A1422238FF53009CC9B8 /* iOSTemplate */;
			targetProxy = F527A1652238FF55009CC9B8 /* PBXContainerItemProxy */;
		};
/* End PBXTargetDependency section */

/* Begin PBXVariantGroup section */
		F527A14C2238FF54009CC9B8 /* Main.storyboard */ = {
			isa = PBXVariantGroup;
			children = (
				F527A14D2238FF54009CC9B8 /* Base */,
			);
			name = Main.storyboard;
			sourceTree = "<group>";
		};
		F527A1512238FF55009CC9B8 /* LaunchScreen.storyboard */ = {
			isa = PBXVariantGroup;
			children = (
				F527A1522238FF55009CC9B8 /* Base */,
			);
			name = LaunchScreen.storyboard;
			sourceTree = "<group>";
		};
/* End PBXVariantGroup section */

/* Begin XCBuildConfiguration section */
		F527A16B2238FF55009CC9B8 /* Debug */ = {
			isa = XCBuildConfiguration;
			buildSettings = {
				ALWAYS_SEARCH_USER_PATHS = NO;
				CLANG_ANALYZER_NONNULL = YES;
				CLANG_ANALYZER_NUMBER_OBJECT_CONVERSION = YES_AGGRESSIVE;
				CLANG_CXX_LANGUAGE_STANDARD = "gnu++14";
				CLANG_CXX_LIBRARY = "libc++";
				CLANG_ENABLE_MODULES = YES;
				CLANG_ENABLE_OBJC_ARC = YES;
				CLANG_ENABLE_OBJC_WEAK = YES;
				CLANG_WARN_BLOCK_CAPTURE_AUTORELEASING = YES;
				CLANG_WARN_BOOL_CONVERSION = YES;
				CLANG_WARN_COMMA = YES;
				CLANG_WARN_CONSTANT_CONVERSION = YES;
				CLANG_WARN_DEPRECATED_OBJC_IMPLEMENTATIONS = YES;
				CLANG_WARN_DIRECT_OBJC_ISA_USAGE = YES_ERROR;
				CLANG_WARN_DOCUMENTATION_COMMENTS = YES;
				CLANG_WARN_EMPTY_BODY = YES;
				CLANG_WARN_ENUM_CONVERSION = YES;
				CLANG_WARN_INFINITE_RECURSION = YES;
				CLANG_WARN_INT_CONVERSION = YES;
				CLANG_WARN_NON_LITERAL_NULL_CONVERSION = YES;
				CLANG_WARN_OBJC_IMPLICIT_RETAIN_SELF = YES;
				CLANG_WARN_OBJC_LITERAL_CONVERSION = YES;
				CLANG_WARN_OBJC_ROOT_CLASS = YES_ERROR;
				CLANG_WARN_RANGE_LOOP_ANALYSIS = YES;
				CLANG_WARN_STRICT_PROTOTYPES = YES;
				CLANG_WARN_SUSPICIOUS_MOVE = YES;
				CLANG_WARN_UNGUARDED_AVAILABILITY = YES_AGGRESSIVE;
				CLANG_WARN_UNREACHABLE_CODE = YES;
				CLANG_WARN__DUPLICATE_METHOD_MATCH = YES;
				CODE_SIGN_IDENTITY = "iPhone Developer";
				COPY_PHASE_STRIP = NO;
				DEBUG_INFORMATION_FORMAT = dwarf;
				ENABLE_STRICT_OBJC_MSGSEND = YES;
				ENABLE_TESTABILITY = YES;
				GCC_C_LANGUAGE_STANDARD = gnu11;
				GCC_DYNAMIC_NO_PIC = NO;
				GCC_NO_COMMON_BLOCKS = YES;
				GCC_OPTIMIZATION_LEVEL = 0;
				GCC_PREPROCESSOR_DEFINITIONS = (
					"DEBUG=1",
					"$(inherited)",
				);
				GCC_WARN_64_TO_32_BIT_CONVERSION = YES;
				GCC_WARN_ABOUT_RETURN_TYPE = YES_ERROR;
				GCC_WARN_UNDECLARED_SELECTOR = YES;
				GCC_WARN_UNINITIALIZED_AUTOS = YES_AGGRESSIVE;
				GCC_WARN_UNUSED_FUNCTION = YES;
				GCC_WARN_UNUSED_VARIABLE = YES;
				IPHONEOS_DEPLOYMENT_TARGET = 12.1;
				MTL_ENABLE_DEBUG_INFO = INCLUDE_SOURCE;
				MTL_FAST_MATH = YES;
				ONLY_ACTIVE_ARCH = YES;
				SDKROOT = iphoneos;
				SWIFT_ACTIVE_COMPILATION_CONDITIONS = DEBUG;
				SWIFT_OPTIMIZATION_LEVEL = "-Onone";
			};
			name = Debug;
		};
		F527A16C2238FF55009CC9B8 /* Release */ = {
			isa = XCBuildConfiguration;
			buildSettings = {
				ALWAYS_SEARCH_USER_PATHS = NO;
				CLANG_ANALYZER_NONNULL = YES;
				CLANG_ANALYZER_NUMBER_OBJECT_CONVERSION = YES_AGGRESSIVE;
				CLANG_CXX_LANGUAGE_STANDARD = "gnu++14";
				CLANG_CXX_LIBRARY = "libc++";
				CLANG_ENABLE_MODULES = YES;
				CLANG_ENABLE_OBJC_ARC = YES;
				CLANG_ENABLE_OBJC_WEAK = YES;
				CLANG_WARN_BLOCK_CAPTURE_AUTORELEASING = YES;
				CLANG_WARN_BOOL_CONVERSION = YES;
				CLANG_WARN_COMMA = YES;
				CLANG_WARN_CONSTANT_CONVERSION = YES;
				CLANG_WARN_DEPRECATED_OBJC_IMPLEMENTATIONS = YES;
				CLANG_WARN_DIRECT_OBJC_ISA_USAGE = YES_ERROR;
				CLANG_WARN_DOCUMENTATION_COMMENTS = YES;
				CLANG_WARN_EMPTY_BODY = YES;
				CLANG_WARN_ENUM_CONVERSION = YES;
				CLANG_WARN_INFINITE_RECURSION = YES;
				CLANG_WARN_INT_CONVERSION = YES;
				CLANG_WARN_NON_LITERAL_NULL_CONVERSION = YES;
				CLANG_WARN_OBJC_IMPLICIT_RETAIN_SELF = YES;
				CLANG_WARN_OBJC_LITERAL_CONVERSION = YES;
				CLANG_WARN_OBJC_ROOT_CLASS = YES_ERROR;
				CLANG_WARN_RANGE_LOOP_ANALYSIS = YES;
				CLANG_WARN_STRICT_PROTOTYPES = YES;
				CLANG_WARN_SUSPICIOUS_MOVE = YES;
				CLANG_WARN_UNGUARDED_AVAILABILITY = YES_AGGRESSIVE;
				CLANG_WARN_UNREACHABLE_CODE = YES;
				CLANG_WARN__DUPLICATE_METHOD_MATCH = YES;
				CODE_SIGN_IDENTITY = "iPhone Developer";
				COPY_PHASE_STRIP = NO;
				DEBUG_INFORMATION_FORMAT = "dwarf-with-dsym";
				ENABLE_NS_ASSERTIONS = NO;
				ENABLE_STRICT_OBJC_MSGSEND = YES;
				GCC_C_LANGUAGE_STANDARD = gnu11;
				GCC_NO_COMMON_BLOCKS = YES;
				GCC_WARN_64_TO_32_BIT_CONVERSION = YES;
				GCC_WARN_ABOUT_RETURN_TYPE = YES_ERROR;
				GCC_WARN_UNDECLARED_SELECTOR = YES;
				GCC_WARN_UNINITIALIZED_AUTOS = YES_AGGRESSIVE;
				GCC_WARN_UNUSED_FUNCTION = YES;
				GCC_WARN_UNUSED_VARIABLE = YES;
				IPHONEOS_DEPLOYMENT_TARGET = 12.1;
				MTL_ENABLE_DEBUG_INFO = NO;
				MTL_FAST_MATH = YES;
				SDKROOT = iphoneos;
				SWIFT_COMPILATION_MODE = wholemodule;
				SWIFT_OPTIMIZATION_LEVEL = "-O";
				VALIDATE_PRODUCT = YES;
			};
			name = Release;
		};
		F527A16E2238FF55009CC9B8 /* Debug */ = {
			isa = XCBuildConfiguration;
			baseConfigurationReference = B4CF8BA541DF0A490739B81E /* Pods-iOSTemplate.debug.xcconfig */;
			buildSettings = {
				ASSETCATALOG_COMPILER_APPICON_NAME = AppIcon;
				CODE_SIGN_STYLE = Automatic;
				DEVELOPMENT_TEAM = AZ28EH9G9N;
				INFOPLIST_FILE = iOSTemplate/Info.plist;
				LD_RUNPATH_SEARCH_PATHS = (
					"$(inherited)",
					"@executable_path/Frameworks",
				);
				PRODUCT_BUNDLE_IDENTIFIER = dev.mickamy.iOSTemplate;
				PRODUCT_NAME = "$(TARGET_NAME)";
				SWIFT_VERSION = 4.2;
				TARGETED_DEVICE_FAMILY = "1,2";
			};
			name = Debug;
		};
		F527A16F2238FF55009CC9B8 /* Release */ = {
			isa = XCBuildConfiguration;
			baseConfigurationReference = 5FE2B598C1638875ECB92EB2 /* Pods-iOSTemplate.release.xcconfig */;
			buildSettings = {
				ASSETCATALOG_COMPILER_APPICON_NAME = AppIcon;
				CODE_SIGN_STYLE = Automatic;
				DEVELOPMENT_TEAM = AZ28EH9G9N;
				INFOPLIST_FILE = iOSTemplate/Info.plist;
				LD_RUNPATH_SEARCH_PATHS = (
					"$(inherited)",
					"@executable_path/Frameworks",
				);
				PRODUCT_BUNDLE_IDENTIFIER = dev.mickamy.iOSTemplate;
				PRODUCT_NAME = "$(TARGET_NAME)";
				SWIFT_VERSION = 4.2;
				TARGETED_DEVICE_FAMILY = "1,2";
			};
			name = Release;
		};
		F527A1712238FF55009CC9B8 /* Debug */ = {
			isa = XCBuildConfiguration;
			baseConfigurationReference = 4F839F244944475C7360DC8C /* Pods-iOSTemplateTests.debug.xcconfig */;
			buildSettings = {
				ALWAYS_EMBED_SWIFT_STANDARD_LIBRARIES = YES;
				BUNDLE_LOADER = "$(TEST_HOST)";
				CODE_SIGN_STYLE = Automatic;
				DEVELOPMENT_TEAM = AZ28EH9G9N;
				INFOPLIST_FILE = iOSTemplateTests/Info.plist;
				LD_RUNPATH_SEARCH_PATHS = (
					"$(inherited)",
					"@executable_path/Frameworks",
					"@loader_path/Frameworks",
				);
				PRODUCT_BUNDLE_IDENTIFIER = dev.mickamy.iOSTemplateTests;
				PRODUCT_NAME = "$(TARGET_NAME)";
				SWIFT_VERSION = 4.2;
				TARGETED_DEVICE_FAMILY = "1,2";
				TEST_HOST = "$(BUILT_PRODUCTS_DIR)/iOSTemplate.app/iOSTemplate";
			};
			name = Debug;
		};
		F527A1722238FF55009CC9B8 /* Release */ = {
			isa = XCBuildConfiguration;
			baseConfigurationReference = EEA917EDAF5CE26FD99E99A7 /* Pods-iOSTemplateTests.release.xcconfig */;
			buildSettings = {
				ALWAYS_EMBED_SWIFT_STANDARD_LIBRARIES = YES;
				BUNDLE_LOADER = "$(TEST_HOST)";
				CODE_SIGN_STYLE = Automatic;
				DEVELOPMENT_TEAM = AZ28EH9G9N;
				INFOPLIST_FILE = iOSTemplateTests/Info.plist;
				LD_RUNPATH_SEARCH_PATHS = (
					"$(inherited)",
					"@executable_path/Frameworks",
					"@loader_path/Frameworks",
				);
				PRODUCT_BUNDLE_IDENTIFIER = dev.mickamy.iOSTemplateTests;
				PRODUCT_NAME = "$(TARGET_NAME)";
				SWIFT_VERSION = 4.2;
				TARGETED_DEVICE_FAMILY = "1,2";
				TEST_HOST = "$(BUILT_PRODUCTS_DIR)/iOSTemplate.app/iOSTemplate";
			};
			name = Release;
		};
		F527A1742238FF55009CC9B8 /* Debug */ = {
			isa = XCBuildConfiguration;
			baseConfigurationReference = D7FBFDE322D305A8BCE6089C /* Pods-iOSTemplateUITests.debug.xcconfig */;
			buildSettings = {
				ALWAYS_EMBED_SWIFT_STANDARD_LIBRARIES = YES;
				CODE_SIGN_STYLE = Automatic;
				DEVELOPMENT_TEAM = AZ28EH9G9N;
				INFOPLIST_FILE = iOSTemplateUITests/Info.plist;
				LD_RUNPATH_SEARCH_PATHS = (
					"$(inherited)",
					"@executable_path/Frameworks",
					"@loader_path/Frameworks",
				);
				PRODUCT_BUNDLE_IDENTIFIER = dev.mickamy.iOSTemplateUITests;
				PRODUCT_NAME = "$(TARGET_NAME)";
				SWIFT_VERSION = 4.2;
				TARGETED_DEVICE_FAMILY = "1,2";
				TEST_TARGET_NAME = iOSTemplate;
			};
			name = Debug;
		};
		F527A1752238FF55009CC9B8 /* Release */ = {
			isa = XCBuildConfiguration;
			baseConfigurationReference = 6F82BE531E1A73EDC55D9F2F /* Pods-iOSTemplateUITests.release.xcconfig */;
			buildSettings = {
				ALWAYS_EMBED_SWIFT_STANDARD_LIBRARIES = YES;
				CODE_SIGN_STYLE = Automatic;
				DEVELOPMENT_TEAM = AZ28EH9G9N;
				INFOPLIST_FILE = iOSTemplateUITests/Info.plist;
				LD_RUNPATH_SEARCH_PATHS = (
					"$(inherited)",
					"@executable_path/Frameworks",
					"@loader_path/Frameworks",
				);
				PRODUCT_BUNDLE_IDENTIFIER = dev.mickamy.iOSTemplateUITests;
				PRODUCT_NAME = "$(TARGET_NAME)";
				SWIFT_VERSION = 4.2;
				TARGETED_DEVICE_FAMILY = "1,2";
				TEST_TARGET_NAME = iOSTemplate;
			};
			name = Release;
		};
/* End XCBuildConfiguration section */

/* Begin XCConfigurationList section */
		F527A13E2238FF53009CC9B8 /* Build configuration list for PBXProject "iOSTemplate" */ = {
			isa = XCConfigurationList;
			buildConfigurations = (
				F527A16B2238FF55009CC9B8 /* Debug */,
				F527A16C2238FF55009CC9B8 /* Release */,
			);
			defaultConfigurationIsVisible = 0;
			defaultConfigurationName = Release;
		};
		F527A16D2238FF55009CC9B8 /* Build configuration list for PBXNativeTarget "iOSTemplate" */ = {
			isa = XCConfigurationList;
			buildConfigurations = (
				F527A16E2238FF55009CC9B8 /* Debug */,
				F527A16F2238FF55009CC9B8 /* Release */,
			);
			defaultConfigurationIsVisible = 0;
			defaultConfigurationName = Release;
		};
		F527A1702238FF55009CC9B8 /* Build configuration list for PBXNativeTarget "iOSTemplateTests" */ = {
			isa = XCConfigurationList;
			buildConfigurations = (
				F527A1712238FF55009CC9B8 /* Debug */,
				F527A1722238FF55009CC9B8 /* Release */,
			);
			defaultConfigurationIsVisible = 0;
			defaultConfigurationName = Release;
		};
		F527A1732238FF55009CC9B8 /* Build configuration list for PBXNativeTarget "iOSTemplateUITests" */ = {
			isa = XCConfigurationList;
			buildConfigurations = (
				F527A1742238FF55009CC9B8 /* Debug */,
				F527A1752238FF55009CC9B8 /* Release */,
			);
			defaultConfigurationIsVisible = 0;
			defaultConfigurationName = Release;
		};
/* End XCConfigurationList section */
	};
	rootObject = F527A13B2238FF53009CC9B8 /* Project object */;
}
